
Microsoft Visual Studio Solution File, Format Version 12.00
# Visual Studio 15
VisualStudioVersion = 15.0.28307.106
MinimumVisualStudioVersion = 10.0.40219.1
Project("{FAE04EC0-301F-11D3-BF4B-00C04F79EFBC}") = "nVazir", "nVazir\nVazir.csproj", "{894F24CE-C7EF-4724-B658-A3032615348F}"
EndProject
Global
	GlobalSection(SolutionConfigurationPlatforms) = preSolution
		Debug|Any CPU = Debug|Any CPU
		Release|Any CPU = Release|Any CPU
	EndGlobalSection
	GlobalSection(ProjectConfigurationPlatforms) = postSolution
		{894F24CE-C7EF-4724-B658-A3032615348F}.Debug|Any CPU.ActiveCfg = Debug|Any CPU
		{894F24CE-C7EF-4724-B658-A3032615348F}.Debug|Any CPU.Build.0 = Debug|Any CPU
		{894F24CE-C7EF-4724-B658-A3032615348F}.Release|Any CPU.ActiveCfg = Release|Any CPU
		{894F24CE-C7EF-4724-B658-A3032615348F}.Release|Any CPU.Build.0 = Release|Any CPU
	EndGlobalSection
	GlobalSection(SolutionProperties) = preSolution
		HideSolutionNode = FALSE
	EndGlobalSection
	GlobalSection(ExtensibilityGlobals) = postSolution
		SolutionGuid = {CD509954-E36D-42DC-821D-7912A902FEE5}
	EndGlobalSection
EndGlobal
