
Microsoft Visual Studio Solution File, Format Version 12.00
# Visual Studio 15
VisualStudioVersion = 15.0.28307.106
MinimumVisualStudioVersion = 10.0.40219.1
Project("{FAE04EC0-301F-11D3-BF4B-00C04F79EFBC}") = "KruskalPrimAlgorithms", "KruskalPrimAlgorithms\KruskalPrimAlgorithms.csproj", "{209ED1AB-AA9E-4559-9799-1C6651E66880}"
EndProject
Global
	GlobalSection(SolutionConfigurationPlatforms) = preSolution
		Debug|Any CPU = Debug|Any CPU
		Release|Any CPU = Release|Any CPU
	EndGlobalSection
	GlobalSection(ProjectConfigurationPlatforms) = postSolution
		{209ED1AB-AA9E-4559-9799-1C6651E66880}.Debug|Any CPU.ActiveCfg = Debug|Any CPU
		{209ED1AB-AA9E-4559-9799-1C6651E66880}.Debug|Any CPU.Build.0 = Debug|Any CPU
		{209ED1AB-AA9E-4559-9799-1C6651E66880}.Release|Any CPU.ActiveCfg = Release|Any CPU
		{209ED1AB-AA9E-4559-9799-1C6651E66880}.Release|Any CPU.Build.0 = Release|Any CPU
	EndGlobalSection
	GlobalSection(SolutionProperties) = preSolution
		HideSolutionNode = FALSE
	EndGlobalSection
	GlobalSection(ExtensibilityGlobals) = postSolution
		SolutionGuid = {4F1E9B95-D5AF-4DC0-ADBF-64617ED5D3C3}
	EndGlobalSection
EndGlobal
